
Microsoft Visual Studio Solution File, Format Version 12.00
# Visual Studio 2013
VisualStudioVersion = 12.0.21005.1
MinimumVisualStudioVersion = 10.0.40219.1
Project("{8BC9CEB8-8B4A-11D0-8D11-00A0C91BC942}") = "Galaxian_Redux", "AIE Template.vcxproj", "{CA972E2A-97D0-4952-A4E4-3828FDF669EA}"
EndProject
Project("{8BC9CEB8-8B4A-11D0-8D11-00A0C91BC942}") = "unit_tests_retro_redux", "..\unit_tests_retro_redux\unit_tests_retro_redux.vcxproj", "{BFB05A26-AF44-4999-9A2F-653CEC180B7D}"
EndProject
Global
	GlobalSection(SolutionConfigurationPlatforms) = preSolution
		Debug|Win32 = Debug|Win32
		Release|Win32 = Release|Win32
	EndGlobalSection
	GlobalSection(ProjectConfigurationPlatforms) = postSolution
		{CA972E2A-97D0-4952-A4E4-3828FDF669EA}.Debug|Win32.ActiveCfg = Debug|Win32
		{CA972E2A-97D0-4952-A4E4-3828FDF669EA}.Debug|Win32.Build.0 = Debug|Win32
		{CA972E2A-97D0-4952-A4E4-3828FDF669EA}.Release|Win32.ActiveCfg = Release|Win32
		{CA972E2A-97D0-4952-A4E4-3828FDF669EA}.Release|Win32.Build.0 = Release|Win32
		{BFB05A26-AF44-4999-9A2F-653CEC180B7D}.Debug|Win32.ActiveCfg = Debug|Win32
		{BFB05A26-AF44-4999-9A2F-653CEC180B7D}.Debug|Win32.Build.0 = Debug|Win32
		{BFB05A26-AF44-4999-9A2F-653CEC180B7D}.Release|Win32.ActiveCfg = Release|Win32
		{BFB05A26-AF44-4999-9A2F-653CEC180B7D}.Release|Win32.Build.0 = Release|Win32
	EndGlobalSection
	GlobalSection(SolutionProperties) = preSolution
		HideSolutionNode = FALSE
	EndGlobalSection
EndGlobal
